
Microsoft Visual Studio Solution File, Format Version 12.00
# Visual Studio Version 16
VisualStudioVersion = 16.0.29709.97
MinimumVisualStudioVersion = 10.0.40219.1
Project("{2150E333-8FDC-42A3-9474-1A3956D46DE8}") = "Solution Items", "Solution Items", "{959A9671-B43F-4C56-A9B8-1291E83B965B}"
	ProjectSection(SolutionItems) = preProject
		.editorconfig = .editorconfig
	EndProjectSection
EndProject
Project("{FAE04EC0-301F-11D3-BF4B-00C04F79EFBC}") = "WarriorWars", "WarriorWars\WarriorWars.csproj", "{51EC6DA1-364E-4108-AB6A-13494EF8890F}"
EndProject
Project("{FAE04EC0-301F-11D3-BF4B-00C04F79EFBC}") = "Graph", "ConsoleApp1\Graph.csproj", "{30D8F2F8-35C9-4465-B621-2D3308F112C3}"
EndProject
Project("{9A19103F-16F7-4668-BE54-9A1E7A4F7556}") = "Notation Big-O", "Notation Big-O\Notation Big-O.csproj", "{5E0CC6E0-1F36-41E1-9CD2-8E1C8DF5ED66}"
EndProject
Project("{9A19103F-16F7-4668-BE54-9A1E7A4F7556}") = "Graph", "Graph\Graph.csproj", "{4C32F52F-A8EC-4038-AAB0-D90D01EB024C}"
EndProject
Project("{9A19103F-16F7-4668-BE54-9A1E7A4F7556}") = "JSON", "JSON\JSON.csproj", "{B570CB99-D927-4BAC-8CF1-3947F38DB637}"
EndProject
Project("{9A19103F-16F7-4668-BE54-9A1E7A4F7556}") = "Arrays", "Arrays\Arrays.csproj", "{576388B8-DE37-4DED-B888-851A1C0C9BA6}"
EndProject
Project("{8BC9CEB8-8B4A-11D0-8D11-00A0C91BC942}") = "ThreadClass", "ThreadClass\ThreadClass.vcxproj", "{8FCA3FB9-6DF0-47DD-9475-9E8096EA86E4}"
EndProject
Project("{FAE04EC0-301F-11D3-BF4B-00C04F79EFBC}") = "SortingAlgorithms", "SortingAlgorithms\SortingAlgorithms.csproj", "{2D6D8611-2E4D-478A-B8F1-72349BC93C74}"
EndProject
Project("{9A19103F-16F7-4668-BE54-9A1E7A4F7556}") = "Algorithms-DataStruct-Lib.Tests", "Algorithms-DataStruct-Lib.Tests\Algorithms-DataStruct-Lib.Tests.csproj", "{97C6A640-882E-452F-A45F-7DC65350C598}"
EndProject
Project("{FAE04EC0-301F-11D3-BF4B-00C04F79EFBC}") = "List_datastructre", "List_datastructre\List_datastructre.csproj", "{465F75FF-1501-4747-BCD6-BF7348D2E5DF}"
EndProject
Global
	GlobalSection(SolutionConfigurationPlatforms) = preSolution
		Debug|Any CPU = Debug|Any CPU
		Debug|x64 = Debug|x64
		Debug|x86 = Debug|x86
		Release|Any CPU = Release|Any CPU
		Release|x64 = Release|x64
		Release|x86 = Release|x86
	EndGlobalSection
	GlobalSection(ProjectConfigurationPlatforms) = postSolution
		{51EC6DA1-364E-4108-AB6A-13494EF8890F}.Debug|Any CPU.ActiveCfg = Debug|Any CPU
		{51EC6DA1-364E-4108-AB6A-13494EF8890F}.Debug|Any CPU.Build.0 = Debug|Any CPU
		{51EC6DA1-364E-4108-AB6A-13494EF8890F}.Debug|x64.ActiveCfg = Debug|Any CPU
		{51EC6DA1-364E-4108-AB6A-13494EF8890F}.Debug|x64.Build.0 = Debug|Any CPU
		{51EC6DA1-364E-4108-AB6A-13494EF8890F}.Debug|x86.ActiveCfg = Debug|Any CPU
		{51EC6DA1-364E-4108-AB6A-13494EF8890F}.Debug|x86.Build.0 = Debug|Any CPU
		{51EC6DA1-364E-4108-AB6A-13494EF8890F}.Release|Any CPU.ActiveCfg = Release|Any CPU
		{51EC6DA1-364E-4108-AB6A-13494EF8890F}.Release|Any CPU.Build.0 = Release|Any CPU
		{51EC6DA1-364E-4108-AB6A-13494EF8890F}.Release|x64.ActiveCfg = Release|Any CPU
		{51EC6DA1-364E-4108-AB6A-13494EF8890F}.Release|x64.Build.0 = Release|Any CPU
		{51EC6DA1-364E-4108-AB6A-13494EF8890F}.Release|x86.ActiveCfg = Release|Any CPU
		{51EC6DA1-364E-4108-AB6A-13494EF8890F}.Release|x86.Build.0 = Release|Any CPU
		{30D8F2F8-35C9-4465-B621-2D3308F112C3}.Debug|Any CPU.ActiveCfg = Debug|Any CPU
		{30D8F2F8-35C9-4465-B621-2D3308F112C3}.Debug|Any CPU.Build.0 = Debug|Any CPU
		{30D8F2F8-35C9-4465-B621-2D3308F112C3}.Debug|x64.ActiveCfg = Debug|Any CPU
		{30D8F2F8-35C9-4465-B621-2D3308F112C3}.Debug|x64.Build.0 = Debug|Any CPU
		{30D8F2F8-35C9-4465-B621-2D3308F112C3}.Debug|x86.ActiveCfg = Debug|Any CPU
		{30D8F2F8-35C9-4465-B621-2D3308F112C3}.Debug|x86.Build.0 = Debug|Any CPU
		{30D8F2F8-35C9-4465-B621-2D3308F112C3}.Release|Any CPU.ActiveCfg = Release|Any CPU
		{30D8F2F8-35C9-4465-B621-2D3308F112C3}.Release|Any CPU.Build.0 = Release|Any CPU
		{30D8F2F8-35C9-4465-B621-2D3308F112C3}.Release|x64.ActiveCfg = Release|Any CPU
		{30D8F2F8-35C9-4465-B621-2D3308F112C3}.Release|x64.Build.0 = Release|Any CPU
		{30D8F2F8-35C9-4465-B621-2D3308F112C3}.Release|x86.ActiveCfg = Release|Any CPU
		{30D8F2F8-35C9-4465-B621-2D3308F112C3}.Release|x86.Build.0 = Release|Any CPU
		{5E0CC6E0-1F36-41E1-9CD2-8E1C8DF5ED66}.Debug|Any CPU.ActiveCfg = Debug|Any CPU
		{5E0CC6E0-1F36-41E1-9CD2-8E1C8DF5ED66}.Debug|Any CPU.Build.0 = Debug|Any CPU
		{5E0CC6E0-1F36-41E1-9CD2-8E1C8DF5ED66}.Debug|x64.ActiveCfg = Debug|Any CPU
		{5E0CC6E0-1F36-41E1-9CD2-8E1C8DF5ED66}.Debug|x64.Build.0 = Debug|Any CPU
		{5E0CC6E0-1F36-41E1-9CD2-8E1C8DF5ED66}.Debug|x86.ActiveCfg = Debug|Any CPU
		{5E0CC6E0-1F36-41E1-9CD2-8E1C8DF5ED66}.Debug|x86.Build.0 = Debug|Any CPU
		{5E0CC6E0-1F36-41E1-9CD2-8E1C8DF5ED66}.Release|Any CPU.ActiveCfg = Release|Any CPU
		{5E0CC6E0-1F36-41E1-9CD2-8E1C8DF5ED66}.Release|Any CPU.Build.0 = Release|Any CPU
		{5E0CC6E0-1F36-41E1-9CD2-8E1C8DF5ED66}.Release|x64.ActiveCfg = Release|Any CPU
		{5E0CC6E0-1F36-41E1-9CD2-8E1C8DF5ED66}.Release|x64.Build.0 = Release|Any CPU
		{5E0CC6E0-1F36-41E1-9CD2-8E1C8DF5ED66}.Release|x86.ActiveCfg = Release|Any CPU
		{5E0CC6E0-1F36-41E1-9CD2-8E1C8DF5ED66}.Release|x86.Build.0 = Release|Any CPU
		{4C32F52F-A8EC-4038-AAB0-D90D01EB024C}.Debug|Any CPU.ActiveCfg = Debug|Any CPU
		{4C32F52F-A8EC-4038-AAB0-D90D01EB024C}.Debug|Any CPU.Build.0 = Debug|Any CPU
		{4C32F52F-A8EC-4038-AAB0-D90D01EB024C}.Debug|x64.ActiveCfg = Debug|Any CPU
		{4C32F52F-A8EC-4038-AAB0-D90D01EB024C}.Debug|x64.Build.0 = Debug|Any CPU
		{4C32F52F-A8EC-4038-AAB0-D90D01EB024C}.Debug|x86.ActiveCfg = Debug|Any CPU
		{4C32F52F-A8EC-4038-AAB0-D90D01EB024C}.Debug|x86.Build.0 = Debug|Any CPU
		{4C32F52F-A8EC-4038-AAB0-D90D01EB024C}.Release|Any CPU.ActiveCfg = Release|Any CPU
		{4C32F52F-A8EC-4038-AAB0-D90D01EB024C}.Release|Any CPU.Build.0 = Release|Any CPU
		{4C32F52F-A8EC-4038-AAB0-D90D01EB024C}.Release|x64.ActiveCfg = Release|Any CPU
		{4C32F52F-A8EC-4038-AAB0-D90D01EB024C}.Release|x64.Build.0 = Release|Any CPU
		{4C32F52F-A8EC-4038-AAB0-D90D01EB024C}.Release|x86.ActiveCfg = Release|Any CPU
		{4C32F52F-A8EC-4038-AAB0-D90D01EB024C}.Release|x86.Build.0 = Release|Any CPU
		{B570CB99-D927-4BAC-8CF1-3947F38DB637}.Debug|Any CPU.ActiveCfg = Debug|Any CPU
		{B570CB99-D927-4BAC-8CF1-3947F38DB637}.Debug|Any CPU.Build.0 = Debug|Any CPU
		{B570CB99-D927-4BAC-8CF1-3947F38DB637}.Debug|x64.ActiveCfg = Debug|Any CPU
		{B570CB99-D927-4BAC-8CF1-3947F38DB637}.Debug|x64.Build.0 = Debug|Any CPU
		{B570CB99-D927-4BAC-8CF1-3947F38DB637}.Debug|x86.ActiveCfg = Debug|Any CPU
		{B570CB99-D927-4BAC-8CF1-3947F38DB637}.Debug|x86.Build.0 = Debug|Any CPU
		{B570CB99-D927-4BAC-8CF1-3947F38DB637}.Release|Any CPU.ActiveCfg = Release|Any CPU
		{B570CB99-D927-4BAC-8CF1-3947F38DB637}.Release|Any CPU.Build.0 = Release|Any CPU
		{B570CB99-D927-4BAC-8CF1-3947F38DB637}.Release|x64.ActiveCfg = Release|Any CPU
		{B570CB99-D927-4BAC-8CF1-3947F38DB637}.Release|x64.Build.0 = Release|Any CPU
		{B570CB99-D927-4BAC-8CF1-3947F38DB637}.Release|x86.ActiveCfg = Release|Any CPU
		{B570CB99-D927-4BAC-8CF1-3947F38DB637}.Release|x86.Build.0 = Release|Any CPU
		{576388B8-DE37-4DED-B888-851A1C0C9BA6}.Debug|Any CPU.ActiveCfg = Debug|Any CPU
		{576388B8-DE37-4DED-B888-851A1C0C9BA6}.Debug|Any CPU.Build.0 = Debug|Any CPU
		{576388B8-DE37-4DED-B888-851A1C0C9BA6}.Debug|x64.ActiveCfg = Debug|Any CPU
		{576388B8-DE37-4DED-B888-851A1C0C9BA6}.Debug|x64.Build.0 = Debug|Any CPU
		{576388B8-DE37-4DED-B888-851A1C0C9BA6}.Debug|x86.ActiveCfg = Debug|Any CPU
		{576388B8-DE37-4DED-B888-851A1C0C9BA6}.Debug|x86.Build.0 = Debug|Any CPU
		{576388B8-DE37-4DED-B888-851A1C0C9BA6}.Release|Any CPU.ActiveCfg = Release|Any CPU
		{576388B8-DE37-4DED-B888-851A1C0C9BA6}.Release|Any CPU.Build.0 = Release|Any CPU
		{576388B8-DE37-4DED-B888-851A1C0C9BA6}.Release|x64.ActiveCfg = Release|Any CPU
		{576388B8-DE37-4DED-B888-851A1C0C9BA6}.Release|x64.Build.0 = Release|Any CPU
		{576388B8-DE37-4DED-B888-851A1C0C9BA6}.Release|x86.ActiveCfg = Release|Any CPU
		{576388B8-DE37-4DED-B888-851A1C0C9BA6}.Release|x86.Build.0 = Release|Any CPU
		{8FCA3FB9-6DF0-47DD-9475-9E8096EA86E4}.Debug|Any CPU.ActiveCfg = Debug|Win32
		{8FCA3FB9-6DF0-47DD-9475-9E8096EA86E4}.Debug|x64.ActiveCfg = Debug|x64
		{8FCA3FB9-6DF0-47DD-9475-9E8096EA86E4}.Debug|x64.Build.0 = Debug|x64
		{8FCA3FB9-6DF0-47DD-9475-9E8096EA86E4}.Debug|x86.ActiveCfg = Debug|Win32
		{8FCA3FB9-6DF0-47DD-9475-9E8096EA86E4}.Debug|x86.Build.0 = Debug|Win32
		{8FCA3FB9-6DF0-47DD-9475-9E8096EA86E4}.Release|Any CPU.ActiveCfg = Release|Win32
		{8FCA3FB9-6DF0-47DD-9475-9E8096EA86E4}.Release|x64.ActiveCfg = Release|x64
		{8FCA3FB9-6DF0-47DD-9475-9E8096EA86E4}.Release|x64.Build.0 = Release|x64
		{8FCA3FB9-6DF0-47DD-9475-9E8096EA86E4}.Release|x86.ActiveCfg = Release|Win32
		{8FCA3FB9-6DF0-47DD-9475-9E8096EA86E4}.Release|x86.Build.0 = Release|Win32
		{2D6D8611-2E4D-478A-B8F1-72349BC93C74}.Debug|Any CPU.ActiveCfg = Debug|Any CPU
		{2D6D8611-2E4D-478A-B8F1-72349BC93C74}.Debug|Any CPU.Build.0 = Debug|Any CPU
		{2D6D8611-2E4D-478A-B8F1-72349BC93C74}.Debug|x64.ActiveCfg = Debug|Any CPU
		{2D6D8611-2E4D-478A-B8F1-72349BC93C74}.Debug|x64.Build.0 = Debug|Any CPU
		{2D6D8611-2E4D-478A-B8F1-72349BC93C74}.Debug|x86.ActiveCfg = Debug|Any CPU
		{2D6D8611-2E4D-478A-B8F1-72349BC93C74}.Debug|x86.Build.0 = Debug|Any CPU
		{2D6D8611-2E4D-478A-B8F1-72349BC93C74}.Release|Any CPU.ActiveCfg = Release|Any CPU
		{2D6D8611-2E4D-478A-B8F1-72349BC93C74}.Release|Any CPU.Build.0 = Release|Any CPU
		{2D6D8611-2E4D-478A-B8F1-72349BC93C74}.Release|x64.ActiveCfg = Release|Any CPU
		{2D6D8611-2E4D-478A-B8F1-72349BC93C74}.Release|x64.Build.0 = Release|Any CPU
		{2D6D8611-2E4D-478A-B8F1-72349BC93C74}.Release|x86.ActiveCfg = Release|Any CPU
		{2D6D8611-2E4D-478A-B8F1-72349BC93C74}.Release|x86.Build.0 = Release|Any CPU
		{97C6A640-882E-452F-A45F-7DC65350C598}.Debug|Any CPU.ActiveCfg = Debug|Any CPU
		{97C6A640-882E-452F-A45F-7DC65350C598}.Debug|Any CPU.Build.0 = Debug|Any CPU
		{97C6A640-882E-452F-A45F-7DC65350C598}.Debug|x64.ActiveCfg = Debug|Any CPU
		{97C6A640-882E-452F-A45F-7DC65350C598}.Debug|x64.Build.0 = Debug|Any CPU
		{97C6A640-882E-452F-A45F-7DC65350C598}.Debug|x86.ActiveCfg = Debug|Any CPU
		{97C6A640-882E-452F-A45F-7DC65350C598}.Debug|x86.Build.0 = Debug|Any CPU
		{97C6A640-882E-452F-A45F-7DC65350C598}.Release|Any CPU.ActiveCfg = Release|Any CPU
		{97C6A640-882E-452F-A45F-7DC65350C598}.Release|Any CPU.Build.0 = Release|Any CPU
		{97C6A640-882E-452F-A45F-7DC65350C598}.Release|x64.ActiveCfg = Release|Any CPU
		{97C6A640-882E-452F-A45F-7DC65350C598}.Release|x64.Build.0 = Release|Any CPU
		{97C6A640-882E-452F-A45F-7DC65350C598}.Release|x86.ActiveCfg = Release|Any CPU
		{97C6A640-882E-452F-A45F-7DC65350C598}.Release|x86.Build.0 = Release|Any CPU
		{465F75FF-1501-4747-BCD6-BF7348D2E5DF}.Debug|Any CPU.ActiveCfg = Debug|Any CPU
		{465F75FF-1501-4747-BCD6-BF7348D2E5DF}.Debug|Any CPU.Build.0 = Debug|Any CPU
		{465F75FF-1501-4747-BCD6-BF7348D2E5DF}.Debug|x64.ActiveCfg = Debug|Any CPU
		{465F75FF-1501-4747-BCD6-BF7348D2E5DF}.Debug|x64.Build.0 = Debug|Any CPU
		{465F75FF-1501-4747-BCD6-BF7348D2E5DF}.Debug|x86.ActiveCfg = Debug|Any CPU
		{465F75FF-1501-4747-BCD6-BF7348D2E5DF}.Debug|x86.Build.0 = Debug|Any CPU
		{465F75FF-1501-4747-BCD6-BF7348D2E5DF}.Release|Any CPU.ActiveCfg = Release|Any CPU
		{465F75FF-1501-4747-BCD6-BF7348D2E5DF}.Release|Any CPU.Build.0 = Release|Any CPU
		{465F75FF-1501-4747-BCD6-BF7348D2E5DF}.Release|x64.ActiveCfg = Release|Any CPU
		{465F75FF-1501-4747-BCD6-BF7348D2E5DF}.Release|x64.Build.0 = Release|Any CPU
		{465F75FF-1501-4747-BCD6-BF7348D2E5DF}.Release|x86.ActiveCfg = Release|Any CPU
		{465F75FF-1501-4747-BCD6-BF7348D2E5DF}.Release|x86.Build.0 = Release|Any CPU
	EndGlobalSection
	GlobalSection(SolutionProperties) = preSolution
		HideSolutionNode = FALSE
	EndGlobalSection
	GlobalSection(NestedProjects) = preSolution
		{4C32F52F-A8EC-4038-AAB0-D90D01EB024C} = {959A9671-B43F-4C56-A9B8-1291E83B965B}
		{465F75FF-1501-4747-BCD6-BF7348D2E5DF} = {959A9671-B43F-4C56-A9B8-1291E83B965B}
	EndGlobalSection
	GlobalSection(ExtensibilityGlobals) = postSolution
		SolutionGuid = {F6D32DCF-7007-4CFA-95C2-4731AC44211C}
	EndGlobalSection
EndGlobal
