
Microsoft Visual Studio Solution File, Format Version 12.00
# Visual Studio Version 16
VisualStudioVersion = 16.0.29709.97
MinimumVisualStudioVersion = 10.0.40219.1
Project("{FAE04EC0-301F-11D3-BF4B-00C04F79EFBC}") = "HackerHankChallenge", "HackerHankChallenge\HackerHankChallenge.csproj", "{EA18905E-4D6E-44E3-BA41-A06D4234C62C}"
EndProject
Global
	GlobalSection(SolutionConfigurationPlatforms) = preSolution
		Debug|Any CPU = Debug|Any CPU
		Release|Any CPU = Release|Any CPU
	EndGlobalSection
	GlobalSection(ProjectConfigurationPlatforms) = postSolution
		{EA18905E-4D6E-44E3-BA41-A06D4234C62C}.Debug|Any CPU.ActiveCfg = Debug|Any CPU
		{EA18905E-4D6E-44E3-BA41-A06D4234C62C}.Debug|Any CPU.Build.0 = Debug|Any CPU
		{EA18905E-4D6E-44E3-BA41-A06D4234C62C}.Release|Any CPU.ActiveCfg = Release|Any CPU
		{EA18905E-4D6E-44E3-BA41-A06D4234C62C}.Release|Any CPU.Build.0 = Release|Any CPU
	EndGlobalSection
	GlobalSection(SolutionProperties) = preSolution
		HideSolutionNode = FALSE
	EndGlobalSection
	GlobalSection(ExtensibilityGlobals) = postSolution
		SolutionGuid = {95143F18-4BBE-4B14-9D9A-E645B40B4631}
	EndGlobalSection
EndGlobal
